Microsoft Visual Studio Solution File, Format Version 11.00
# Visual Studio 2008

Project("{A9BDF4EA-FEBA-C3F5-B556-91B66ED08B0D}") = "Mobile Clicker - Copy", "Assembly-CSharp.csproj", "{F4988063-7788-1649-9D92-CE2D1B6CC259}"
EndProject
Project("{A9BDF4EA-FEBA-C3F5-B556-91B66ED08B0D}") = "Mobile Clicker - Copy", "Assembly-CSharp-Editor.csproj", "{127E808F-0A27-29E2-A2FE-BB4EA6E64B8F}"
EndProject
Global
	GlobalSection(SolutionConfigurationPlatforms) = preSolution
		Debug|Any CPU = Debug|Any CPU
		Release|Any CPU = Release|Any CPU
	EndGlobalSection
	GlobalSection(ProjectConfigurationPlatforms) = postSolution
		{F4988063-7788-1649-9D92-CE2D1B6CC259}.Debug|Any CPU.ActiveCfg = Debug|Any CPU
		{F4988063-7788-1649-9D92-CE2D1B6CC259}.Debug|Any CPU.Build.0 = Debug|Any CPU
		{F4988063-7788-1649-9D92-CE2D1B6CC259}.Release|Any CPU.ActiveCfg = Release|Any CPU
		{F4988063-7788-1649-9D92-CE2D1B6CC259}.Release|Any CPU.Build.0 = Release|Any CPU
		{127E808F-0A27-29E2-A2FE-BB4EA6E64B8F}.Debug|Any CPU.ActiveCfg = Debug|Any CPU
		{127E808F-0A27-29E2-A2FE-BB4EA6E64B8F}.Debug|Any CPU.Build.0 = Debug|Any CPU
		{127E808F-0A27-29E2-A2FE-BB4EA6E64B8F}.Release|Any CPU.ActiveCfg = Release|Any CPU
		{127E808F-0A27-29E2-A2FE-BB4EA6E64B8F}.Release|Any CPU.Build.0 = Release|Any CPU
	EndGlobalSection
	GlobalSection(SolutionProperties) = preSolution
		HideSolutionNode = FALSE
	EndGlobalSection
																																																							GlobalSection(MonoDevelopProperties) = preSolution
		StartupItem = Assembly-CSharp.csproj
		Policies = $0
		$0.TextStylePolicy = $1
		$1.inheritsSet = null
		$1.scope = text/x-csharp
		$0.CSharpFormattingPolicy = $2
		$2.inheritsSet = Mono
		$2.inheritsScope = text/x-csharp
		$2.scope = text/x-csharp
		$0.TextStylePolicy = $3
		$3.FileWidth = 120
		$3.TabWidth = 4
		$3.IndentWidth = 4
		$3.EolMarker = Unix
		$3.inheritsSet = Mono
		$3.inheritsScope = text/plain
		$3.scope = text/plain
	EndGlobalSection

EndGlobal
